// !$*UTF8*$!
{
	archiveVersion = 1;
	classes = {
	};
	objectVersion = 46;
	objects = {

/* Begin PBXBuildFile section */
		C733FF4A1DE016CF00AC6194 /* AppDelegate.swift in Sources */ = {isa = PBXBuildFile; fileRef = C733FF491DE016CF00AC6194 /* AppDelegate.swift */; };
		C733FF4C1DE016CF00AC6194 /* ViewController.swift in Sources */ = {isa = PBXBuildFile; fileRef = C733FF4B1DE016CF00AC6194 /* ViewController.swift */; };
		C733FF4F1DE016CF00AC6194 /* Main.storyboard in Resources */ = {isa = PBXBuildFile; fileRef = C733FF4D1DE016CF00AC6194 /* Main.storyboard */; };
		C733FF511DE016CF00AC6194 /* Assets.xcassets in Resources */ = {isa = PBXBuildFile; fileRef = C733FF501DE016CF00AC6194 /* Assets.xcassets */; };
		C733FF541DE016CF00AC6194 /* LaunchScreen.storyboard in Resources */ = {isa = PBXBuildFile; fileRef = C733FF521DE016CF00AC6194 /* LaunchScreen.storyboard */; };
/* End PBXBuildFile section */

/* Begin PBXFileReference section */
		C733FF461DE016CF00AC6194 /* ProtobufClient.app */ = {isa = PBXFileReference; explicitFileType = wrapper.application; includeInIndex = 0; path = ProtobufClient.app; sourceTree = BUILT_PRODUCTS_DIR; };
		C733FF491DE016CF00AC6194 /* AppDelegate.swift */ = {isa = PBXFileReference; lastKnownFileType = sourcecode.swift; path = AppDelegate.swift; sourceTree = "<group>"; };
		C733FF4B1DE016CF00AC6194 /* ViewController.swift */ = {isa = PBXFileReference; lastKnownFileType = sourcecode.swift; path = ViewController.swift; sourceTree = "<group>"; };
		C733FF4E1DE016CF00AC6194 /* Base */ = {isa = PBXFileReference; lastKnownFileType = file.storyboard; name = Base; path = Base.lproj/Main.storyboard; sourceTree = "<group>"; };
		C733FF501DE016CF00AC6194 /* Assets.xcassets */ = {isa = PBXFileReference; lastKnownFileType = folder.assetcatalog; path = Assets.xcassets; sourceTree = "<group>"; };
		C733FF531DE016CF00AC6194 /* Base */ = {isa = PBXFileReference; lastKnownFileType = file.storyboard; name = Base; path = Base.lproj/LaunchScreen.storyboard; sourceTree = "<group>"; };
		C733FF551DE016CF00AC6194 /* Info.plist */ = {isa = PBXFileReference; lastKnownFileType = text.plist.xml; path = Info.plist; sourceTree = "<group>"; };
/* End PBXFileReference section */

/* Begin PBXFrameworksBuildPhase section */
		C733FF431DE016CF00AC6194 /* Frameworks */ = {
			isa = PBXFrameworksBuildPhase;
			buildActionMask = 2147483647;
			files = (
			);
			runOnlyForDeploymentPostprocessing = 0;
		};
/* End PBXFrameworksBuildPhase section */

/* Begin PBXGroup section */
		C733FF3D1DE016CF00AC6194 = {
			isa = PBXGroup;
			children = (
				C733FF481DE016CF00AC6194 /* ProtobufClient */,
				C733FF471DE016CF00AC6194 /* Products */,
			);
			sourceTree = "<group>";
		};
		C733FF471DE016CF00AC6194 /* Products */ = {
			isa = PBXGroup;
			children = (
				C733FF461DE016CF00AC6194 /* ProtobufClient.app */,
			);
			name = Products;
			sourceTree = "<group>";
		};
		C733FF481DE016CF00AC6194 /* ProtobufClient */ = {
			isa = PBXGroup;
			children = (
				C733FF491DE016CF00AC6194 /* AppDelegate.swift */,
				C733FF4B1DE016CF00AC6194 /* ViewController.swift */,
				C733FF4D1DE016CF00AC6194 /* Main.storyboard */,
				C733FF501DE016CF00AC6194 /* Assets.xcassets */,
				C733FF521DE016CF00AC6194 /* LaunchScreen.storyboard */,
				C733FF551DE016CF00AC6194 /* Info.plist */,
			);
			path = ProtobufClient;
			sourceTree = "<group>";
		};
/* End PBXGroup section */

/* Begin PBXNativeTarget section */
		C733FF451DE016CF00AC6194 /* ProtobufClient */ = {
			isa = PBXNativeTarget;
			buildConfigurationList = C733FF581DE016CF00AC6194 /* Build configuration list for PBXNativeTarget "ProtobufClient" */;
			buildPhases = (
				C733FF421DE016CF00AC6194 /* Sources */,
				C733FF431DE016CF00AC6194 /* Frameworks */,
				C733FF441DE016CF00AC6194 /* Resources */,
			);
			buildRules = (
			);
			dependencies = (
			);
			name = ProtobufClient;
			productName = ProtobufClient;
			productReference = C733FF461DE016CF00AC6194 /* ProtobufClient.app */;
			productType = "com.apple.product-type.application";
		};
/* End PBXNativeTarget section */

/* Begin PBXProject section */
		C733FF3E1DE016CF00AC6194 /* Project object */ = {
			isa = PBXProject;
			attributes = {
				LastSwiftUpdateCheck = 0810;
				LastUpgradeCheck = 0810;
				ORGANIZATIONNAME = "Kyohei Ito";
				TargetAttributes = {
					C733FF451DE016CF00AC6194 = {
						CreatedOnToolsVersion = 8.1;
						ProvisioningStyle = Automatic;
					};
				};
			};
			buildConfigurationList = C733FF411DE016CF00AC6194 /* Build configuration list for PBXProject "ProtobufClient" */;
			compatibilityVersion = "Xcode 3.2";
			developmentRegion = English;
			hasScannedForEncodings = 0;
			knownRegions = (
				en,
				Base,
			);
			mainGroup = C733FF3D1DE016CF00AC6194;
			productRefGroup = C733FF471DE016CF00AC6194 /* Products */;
			projectDirPath = "";
			projectRoot = "";
			targets = (
				C733FF451DE016CF00AC6194 /* ProtobufClient */,
			);
		};
/* End PBXProject section */

/* Begin PBXResourcesBuildPhase section */
		C733FF441DE016CF00AC6194 /* Resources */ = {
			isa = PBXResourcesBuildPhase;
			buildActionMask = 2147483647;
			files = (
				C733FF541DE016CF00AC6194 /* LaunchScreen.storyboard in Resources */,
				C733FF511DE016CF00AC6194 /* Assets.xcassets in Resources */,
				C733FF4F1DE016CF00AC6194 /* Main.storyboard in Resources */,
			);
			runOnlyForDeploymentPostprocessing = 0;
		};
/* End PBXResourcesBuildPhase section */

/* Begin PBXSourcesBuildPhase section */
		C733FF421DE016CF00AC6194 /* Sources */ = {
			isa = PBXSourcesBuildPhase;
			buildActionMask = 2147483647;
			files = (
				C733FF4C1DE016CF00AC6194 /* ViewController.swift in Sources */,
				C733FF4A1DE016CF00AC6194 /* AppDelegate.swift in Sources */,
			);
			runOnlyForDeploymentPostprocessing = 0;
		};
/* End PBXSourcesBuildPhase section */

/* Begin PBXVariantGroup section */
		C733FF4D1DE016CF00AC6194 /* Main.storyboard */ = {
			isa = PBXVariantGroup;
			children = (
				C733FF4E1DE016CF00AC6194 /* Base */,
			);
			name = Main.storyboard;
			sourceTree = "<group>";
		};
		C733FF521DE016CF00AC6194 /* LaunchScreen.storyboard */ = {
			isa = PBXVariantGroup;
			children = (
				C733FF531DE016CF00AC6194 /* Base */,
			);
			name = LaunchScreen.storyboard;
			sourceTree = "<group>";
		};
/* End PBXVariantGroup section */

/* Begin XCBuildConfiguration section */
		C733FF561DE016CF00AC6194 /* Debug */ = {
			isa = XCBuildConfiguration;
			buildSettings = {
				ALWAYS_SEARCH_USER_PATHS = NO;
				CLANG_ANALYZER_NONNULL = YES;
				CLANG_CXX_LANGUAGE_STANDARD = "gnu++0x";
				CLANG_CXX_LIBRARY = "libc++";
				CLANG_ENABLE_MODULES = YES;
				CLANG_ENABLE_OBJC_ARC = YES;
				CLANG_WARN_BOOL_CONVERSION = YES;
				CLANG_WARN_CONSTANT_CONVERSION = YES;
				CLANG_WARN_DIRECT_OBJC_ISA_USAGE = YES_ERROR;
				CLANG_WARN_DOCUMENTATION_COMMENTS = YES;
				CLANG_WARN_EMPTY_BODY = YES;
				CLANG_WARN_ENUM_CONVERSION = YES;
				CLANG_WARN_INFINITE_RECURSION = YES;
				CLANG_WARN_INT_CONVERSION = YES;
				CLANG_WARN_OBJC_ROOT_CLASS = YES_ERROR;
				CLANG_WARN_SUSPICIOUS_MOVES = YES;
				CLANG_WARN_UNREACHABLE_CODE = YES;
				CLANG_WARN__DUPLICATE_METHOD_MATCH = YES;
				"CODE_SIGN_IDENTITY[sdk=iphoneos*]" = "iPhone Developer";
				COPY_PHASE_STRIP = NO;
				DEBUG_INFORMATION_FORMAT = dwarf;
				ENABLE_STRICT_OBJC_MSGSEND = YES;
				ENABLE_TESTABILITY = YES;
				GCC_C_LANGUAGE_STANDARD = gnu99;
				GCC_DYNAMIC_NO_PIC = NO;
				GCC_NO_COMMON_BLOCKS = YES;
				GCC_OPTIMIZATION_LEVEL = 0;
				GCC_PREPROCESSOR_DEFINITIONS = (
					"DEBUG=1",
					"$(inherited)",
				);
				GCC_WARN_64_TO_32_BIT_CONVERSION = YES;
				GCC_WARN_ABOUT_RETURN_TYPE = YES_ERROR;
				GCC_WARN_UNDECLARED_SELECTOR = YES;
				GCC_WARN_UNINITIALIZED_AUTOS = YES_AGGRESSIVE;
				GCC_WARN_UNUSED_FUNCTION = YES;
				GCC_WARN_UNUSED_VARIABLE = YES;
				IPHONEOS_DEPLOYMENT_TARGET = 10.1;
				MTL_ENABLE_DEBUG_INFO = YES;
				ONLY_ACTIVE_ARCH = YES;
				SDKROOT = iphoneos;
				SWIFT_ACTIVE_COMPILATION_CONDITIONS = DEBUG;
				SWIFT_OPTIMIZATION_LEVEL = "-Onone";
			};
			name = Debug;
		};
		C733FF571DE016CF00AC6194 /* Release */ = {
			isa = XCBuildConfiguration;
			buildSettings = {
				ALWAYS_SEARCH_USER_PATHS = NO;
				CLANG_ANALYZER_NONNULL = YES;
				CLANG_CXX_LANGUAGE_STANDARD = "gnu++0x";
				CLANG_CXX_LIBRARY = "libc++";
				CLANG_ENABLE_MODULES = YES;
				CLANG_ENABLE_OBJC_ARC = YES;
				CLANG_WARN_BOOL_CONVERSION = YES;
				CLANG_WARN_CONSTANT_CONVERSION = YES;
				CLANG_WARN_DIRECT_OBJC_ISA_USAGE = YES_ERROR;
				CLANG_WARN_DOCUMENTATION_COMMENTS = YES;
				CLANG_WARN_EMPTY_BODY = YES;
				CLANG_WARN_ENUM_CONVERSION = YES;
				CLANG_WARN_INFINITE_RECURSION = YES;
				CLANG_WARN_INT_CONVERSION = YES;
				CLANG_WARN_OBJC_ROOT_CLASS = YES_ERROR;
				CLANG_WARN_SUSPICIOUS_MOVES = YES;
				CLANG_WARN_UNREACHABLE_CODE = YES;
				CLANG_WARN__DUPLICATE_METHOD_MATCH = YES;
				"CODE_SIGN_IDENTITY[sdk=iphoneos*]" = "iPhone Developer";
				COPY_PHASE_STRIP = NO;
				DEBUG_INFORMATION_FORMAT = "dwarf-with-dsym";
				ENABLE_NS_ASSERTIONS = NO;
				ENABLE_STRICT_OBJC_MSGSEND = YES;
				GCC_C_LANGUAGE_STANDARD = gnu99;
				GCC_NO_COMMON_BLOCKS = YES;
				GCC_WARN_64_TO_32_BIT_CONVERSION = YES;
				GCC_WARN_ABOUT_RETURN_TYPE = YES_ERROR;
				GCC_WARN_UNDECLARED_SELECTOR = YES;
				GCC_WARN_UNINITIALIZED_AUTOS = YES_AGGRESSIVE;
				GCC_WARN_UNUSED_FUNCTION = YES;
				GCC_WARN_UNUSED_VARIABLE = YES;
				IPHONEOS_DEPLOYMENT_TARGET = 10.1;
				MTL_ENABLE_DEBUG_INFO = NO;
				SDKROOT = iphoneos;
				SWIFT_OPTIMIZATION_LEVEL = "-Owholemodule";
				VALIDATE_PRODUCT = YES;
			};
			name = Release;
		};
		C733FF591DE016CF00AC6194 /* Debug */ = {
			isa = XCBuildConfiguration;
			buildSettings = {
				ASSETCATALOG_COMPILER_APPICON_NAME = AppIcon;
				INFOPLIST_FILE = ProtobufClient/Info.plist;
				LD_RUNPATH_SEARCH_PATHS = "$(inherited) @executable_path/Frameworks";
				PRODUCT_BUNDLE_IDENTIFIER = com.kyoheiito.ProtobufClient;
				PRODUCT_NAME = "$(TARGET_NAME)";
				SWIFT_VERSION = 3.0;
			};
			name = Debug;
		};
		C733FF5A1DE016CF00AC6194 /* Release */ = {
			isa = XCBuildConfiguration;
			buildSettings = {
				ASSETCATALOG_COMPILER_APPICON_NAME = AppIcon;
				INFOPLIST_FILE = ProtobufClient/Info.plist;
				LD_RUNPATH_SEARCH_PATHS = "$(inherited) @executable_path/Frameworks";
				PRODUCT_BUNDLE_IDENTIFIER = com.kyoheiito.ProtobufClient;
				PRODUCT_NAME = "$(TARGET_NAME)";
				SWIFT_VERSION = 3.0;
			};
			name = Release;
		};
/* End XCBuildConfiguration section */

/* Begin XCConfigurationList section */
		C733FF411DE016CF00AC6194 /* Build configuration list for PBXProject "ProtobufClient" */ = {
			isa = XCConfigurationList;
			buildConfigurations = (
				C733FF561DE016CF00AC6194 /* Debug */,
				C733FF571DE016CF00AC6194 /* Release */,
			);
			defaultConfigurationIsVisible = 0;
			defaultConfigurationName = Release;
		};
		C733FF581DE016CF00AC6194 /* Build configuration list for PBXNativeTarget "ProtobufClient" */ = {
			isa = XCConfigurationList;
			buildConfigurations = (
				C733FF591DE016CF00AC6194 /* Debug */,
				C733FF5A1DE016CF00AC6194 /* Release */,
			);
			defaultConfigurationIsVisible = 0;
		};
/* End XCConfigurationList section */
	};
	rootObject = C733FF3E1DE016CF00AC6194 /* Project object */;
}
